
Microsoft Visual Studio Solution File, Format Version 12.00
# Visual Studio Version 17
VisualStudioVersion = 17.0.32126.317
MinimumVisualStudioVersion = 10.0.40219.1
Project("{FAE04EC0-301F-11D3-BF4B-00C04F79EFBC}") = "TrafficSignaling_ACO", "TrafficSignaling_ACO\TrafficSignaling_ACO.csproj", "{C2C9A0FF-431F-4602-A17C-2C0DFECDB19E}"
EndProject
Global
	GlobalSection(SolutionConfigurationPlatforms) = preSolution
		Debug|Any CPU = Debug|Any CPU
		Release|Any CPU = Release|Any CPU
	EndGlobalSection
	GlobalSection(ProjectConfigurationPlatforms) = postSolution
		{C2C9A0FF-431F-4602-A17C-2C0DFECDB19E}.Debug|Any CPU.ActiveCfg = Debug|Any CPU
		{C2C9A0FF-431F-4602-A17C-2C0DFECDB19E}.Debug|Any CPU.Build.0 = Debug|Any CPU
		{C2C9A0FF-431F-4602-A17C-2C0DFECDB19E}.Release|Any CPU.ActiveCfg = Release|Any CPU
		{C2C9A0FF-431F-4602-A17C-2C0DFECDB19E}.Release|Any CPU.Build.0 = Release|Any CPU
	EndGlobalSection
	GlobalSection(SolutionProperties) = preSolution
		HideSolutionNode = FALSE
	EndGlobalSection
	GlobalSection(ExtensibilityGlobals) = postSolution
		SolutionGuid = {99777E91-C63E-4E9F-A1D9-4B3592099BCD}
	EndGlobalSection
EndGlobal
